
Microsoft Visual Studio Solution File, Format Version 12.00
# Visual Studio 2013
VisualStudioVersion = 12.0.21005.1
MinimumVisualStudioVersion = 10.0.40219.1
Project("{FAE04EC0-301F-11D3-BF4B-00C04F79EFBC}") = "GitVersion", "GitHubFlowVersion\GitVersion.csproj", "{3C3971FC-12B4-4CD8-B6FD-D7051BED6B46}"
EndProject
Project("{FAE04EC0-301F-11D3-BF4B-00C04F79EFBC}") = "GitHubFlowVersion.Tests", "GitHubFlowVersion.Tests\GitHubFlowVersion.Tests.csproj", "{9ED6B8C7-832E-402C-B3BB-0F44C9D31ACF}"
EndProject
Project("{2150E333-8FDC-42A3-9474-1A3956D46DE8}") = "Solution Items", "Solution Items", "{827CC70E-BBB5-465C-83D5-7DE98E999E4E}"
	ProjectSection(SolutionItems) = preProject
		..\Build.cmd = ..\Build.cmd
		..\GitHubFlowVersion.nuspec = ..\GitHubFlowVersion.nuspec
		..\GitHubFlowVersion.proj = ..\GitHubFlowVersion.proj
		..\LICENSE = ..\LICENSE
		..\NextVersion.txt = ..\NextVersion.txt
		..\README.md = ..\README.md
	EndProjectSection
EndProject
Project("{2150E333-8FDC-42A3-9474-1A3956D46DE8}") = ".nuget", ".nuget", "{655847F5-BFB4-4C67-9142-84D3DCD43065}"
	ProjectSection(SolutionItems) = preProject
		.nuget\NuGet.Config = .nuget\NuGet.Config
		.nuget\NuGet.exe = .nuget\NuGet.exe
		.nuget\NuGet.targets = .nuget\NuGet.targets
		.nuget\packages.config = .nuget\packages.config
	EndProjectSection
EndProject
Project("{FAE04EC0-301F-11D3-BF4B-00C04F79EFBC}") = "GitHubFlowVersion.AcceptanceTests", "GitHubFlowVersion.AcceptanceTests\GitHubFlowVersion.AcceptanceTests.csproj", "{A15AB059-1AE2-4B52-93FD-E8A226B8D256}"
EndProject
Global
	GlobalSection(SolutionConfigurationPlatforms) = preSolution
		Debug|Any CPU = Debug|Any CPU
		Release|Any CPU = Release|Any CPU
	EndGlobalSection
	GlobalSection(ProjectConfigurationPlatforms) = postSolution
		{3C3971FC-12B4-4CD8-B6FD-D7051BED6B46}.Debug|Any CPU.ActiveCfg = Debug|Any CPU
		{3C3971FC-12B4-4CD8-B6FD-D7051BED6B46}.Debug|Any CPU.Build.0 = Debug|Any CPU
		{3C3971FC-12B4-4CD8-B6FD-D7051BED6B46}.Release|Any CPU.ActiveCfg = Release|Any CPU
		{3C3971FC-12B4-4CD8-B6FD-D7051BED6B46}.Release|Any CPU.Build.0 = Release|Any CPU
		{9ED6B8C7-832E-402C-B3BB-0F44C9D31ACF}.Debug|Any CPU.ActiveCfg = Debug|Any CPU
		{9ED6B8C7-832E-402C-B3BB-0F44C9D31ACF}.Debug|Any CPU.Build.0 = Debug|Any CPU
		{9ED6B8C7-832E-402C-B3BB-0F44C9D31ACF}.Release|Any CPU.ActiveCfg = Release|Any CPU
		{9ED6B8C7-832E-402C-B3BB-0F44C9D31ACF}.Release|Any CPU.Build.0 = Release|Any CPU
		{A15AB059-1AE2-4B52-93FD-E8A226B8D256}.Debug|Any CPU.ActiveCfg = Debug|Any CPU
		{A15AB059-1AE2-4B52-93FD-E8A226B8D256}.Debug|Any CPU.Build.0 = Debug|Any CPU
		{A15AB059-1AE2-4B52-93FD-E8A226B8D256}.Release|Any CPU.ActiveCfg = Release|Any CPU
		{A15AB059-1AE2-4B52-93FD-E8A226B8D256}.Release|Any CPU.Build.0 = Release|Any CPU
	EndGlobalSection
	GlobalSection(SolutionProperties) = preSolution
		HideSolutionNode = FALSE
	EndGlobalSection
EndGlobal
