
Microsoft Visual Studio Solution File, Format Version 12.00
# Visual Studio 2013
VisualStudioVersion = 12.0.21005.1
MinimumVisualStudioVersion = 10.0.40219.1
Project("{FAE04EC0-301F-11D3-BF4B-00C04F79EFBC}") = "GitHubFlowVersion", "GitHubFlowVersion\GitHubFlowVersion.csproj", "{3C3971FC-12B4-4CD8-B6FD-D7051BED6B46}"
EndProject
Project("{FAE04EC0-301F-11D3-BF4B-00C04F79EFBC}") = "GitHubFlowVersion.Tests", "GitHubFlowVersion.Tests\GitHubFlowVersion.Tests.csproj", "{9ED6B8C7-832E-402C-B3BB-0F44C9D31ACF}"
EndProject
Global
	GlobalSection(SolutionConfigurationPlatforms) = preSolution
		Debug|Any CPU = Debug|Any CPU
		Release|Any CPU = Release|Any CPU
	EndGlobalSection
	GlobalSection(ProjectConfigurationPlatforms) = postSolution
		{3C3971FC-12B4-4CD8-B6FD-D7051BED6B46}.Debug|Any CPU.ActiveCfg = Debug|Any CPU
		{3C3971FC-12B4-4CD8-B6FD-D7051BED6B46}.Debug|Any CPU.Build.0 = Debug|Any CPU
		{3C3971FC-12B4-4CD8-B6FD-D7051BED6B46}.Release|Any CPU.ActiveCfg = Release|Any CPU
		{3C3971FC-12B4-4CD8-B6FD-D7051BED6B46}.Release|Any CPU.Build.0 = Release|Any CPU
		{9ED6B8C7-832E-402C-B3BB-0F44C9D31ACF}.Debug|Any CPU.ActiveCfg = Debug|Any CPU
		{9ED6B8C7-832E-402C-B3BB-0F44C9D31ACF}.Debug|Any CPU.Build.0 = Debug|Any CPU
		{9ED6B8C7-832E-402C-B3BB-0F44C9D31ACF}.Release|Any CPU.ActiveCfg = Release|Any CPU
		{9ED6B8C7-832E-402C-B3BB-0F44C9D31ACF}.Release|Any CPU.Build.0 = Release|Any CPU
	EndGlobalSection
	GlobalSection(SolutionProperties) = preSolution
		HideSolutionNode = FALSE
	EndGlobalSection
EndGlobal
